
Microsoft Visual Studio Solution File, Format Version 12.00
# Visual Studio Version 16
VisualStudioVersion = 16.0.30114.105
MinimumVisualStudioVersion = 10.0.40219.1
Project("{9A19103F-16F7-4668-BE54-9A1E7A4F7556}") = "Ingestor", "Ingestor\Ingestor.csproj", "{732C0093-D09C-42D3-8225-F8A40B37511B}"
EndProject
Project("{FAE04EC0-301F-11D3-BF4B-00C04F79EFBC}") = "Meteonel.Common", "Meteonel.DomainModel\Meteonel.Common.csproj", "{EACE69F9-F7D7-4364-876F-8DEED4242B84}"
EndProject
Project("{FAE04EC0-301F-11D3-BF4B-00C04F79EFBC}") = "Aggregator", "Aggregator\Aggregator.csproj", "{059FB40D-CD50-450C-980A-27B59C90BABB}"
EndProject
Global
	GlobalSection(SolutionConfigurationPlatforms) = preSolution
		Debug|Any CPU = Debug|Any CPU
		Release|Any CPU = Release|Any CPU
	EndGlobalSection
	GlobalSection(ProjectConfigurationPlatforms) = postSolution
		{732C0093-D09C-42D3-8225-F8A40B37511B}.Debug|Any CPU.ActiveCfg = Debug|Any CPU
		{732C0093-D09C-42D3-8225-F8A40B37511B}.Debug|Any CPU.Build.0 = Debug|Any CPU
		{732C0093-D09C-42D3-8225-F8A40B37511B}.Release|Any CPU.ActiveCfg = Release|Any CPU
		{732C0093-D09C-42D3-8225-F8A40B37511B}.Release|Any CPU.Build.0 = Release|Any CPU
		{EACE69F9-F7D7-4364-876F-8DEED4242B84}.Debug|Any CPU.ActiveCfg = Debug|Any CPU
		{EACE69F9-F7D7-4364-876F-8DEED4242B84}.Debug|Any CPU.Build.0 = Debug|Any CPU
		{EACE69F9-F7D7-4364-876F-8DEED4242B84}.Release|Any CPU.ActiveCfg = Release|Any CPU
		{EACE69F9-F7D7-4364-876F-8DEED4242B84}.Release|Any CPU.Build.0 = Release|Any CPU
		{059FB40D-CD50-450C-980A-27B59C90BABB}.Debug|Any CPU.ActiveCfg = Debug|Any CPU
		{059FB40D-CD50-450C-980A-27B59C90BABB}.Debug|Any CPU.Build.0 = Debug|Any CPU
		{059FB40D-CD50-450C-980A-27B59C90BABB}.Release|Any CPU.ActiveCfg = Release|Any CPU
		{059FB40D-CD50-450C-980A-27B59C90BABB}.Release|Any CPU.Build.0 = Release|Any CPU
	EndGlobalSection
	GlobalSection(SolutionProperties) = preSolution
		HideSolutionNode = FALSE
	EndGlobalSection
	GlobalSection(ExtensibilityGlobals) = postSolution
		SolutionGuid = {90FF0DB8-40F0-4B5A-907D-36B201914D50}
	EndGlobalSection
EndGlobal
