
Microsoft Visual Studio Solution File, Format Version 12.00
Project("{FAE04EC0-301F-11D3-BF4B-00C04F79EFBC}") = "Ingestor", "Ingestor\Ingestor.csproj", "{732C0093-D09C-42D3-8225-F8A40B37511B}"
EndProject
Global
	GlobalSection(SolutionConfigurationPlatforms) = preSolution
		Debug|Any CPU = Debug|Any CPU
		Release|Any CPU = Release|Any CPU
	EndGlobalSection
	GlobalSection(ProjectConfigurationPlatforms) = postSolution
		{732C0093-D09C-42D3-8225-F8A40B37511B}.Debug|Any CPU.ActiveCfg = Debug|Any CPU
		{732C0093-D09C-42D3-8225-F8A40B37511B}.Debug|Any CPU.Build.0 = Debug|Any CPU
		{732C0093-D09C-42D3-8225-F8A40B37511B}.Release|Any CPU.ActiveCfg = Release|Any CPU
		{732C0093-D09C-42D3-8225-F8A40B37511B}.Release|Any CPU.Build.0 = Release|Any CPU
	EndGlobalSection
EndGlobal
